{
    "_readme": [
        "This file locks the dependencies of your project to a known state",
        "Read more about it at https://getcomposer.org/doc/01-basic-usage.md#installing-dependencies",
        "This file is @generated automatically"
    ],
    "content-hash": "0af6eb34c2c882930296eb6f47143275",
    "packages": [
        {
            "name": "mageplaza/module-core",
            "version": "1.4.2",
            "source": {
                "type": "git",
                "url": "https://github.com/mageplaza/module-core.git",
                "reference": "19fcf838306acb4632972b2c31d5a2d283ddead8"
            },
            "dist": {
                "type": "zip",
                "url": "https://api.github.com/repos/mageplaza/module-core/zipball/19fcf838306acb4632972b2c31d5a2d283ddead8",
                "reference": "19fcf838306acb4632972b2c31d5a2d283ddead8",
                "shasum": ""
            },
            "type": "magento2-module",
            "autoload": {
                "files": [
                    "registration.php"
                ],
                "psr-4": {
                    "Mageplaza\\Core\\": ""
                }
            },
            "notification-url": "https://packagist.org/downloads/",
            "license": [
                "proprietary"
            ],
            "authors": [
                {
                    "name": "Mageplaza",
                    "email": "support@mageplaza.com",
                    "homepage": "https://www.mageplaza.com",
                    "role": "Technical Support"
                }
            ],
            "description": "Mageplaza Core for Magento 2",
            "time": "2019-02-19T03:17:17+00:00"
        }
    ],
    "packages-dev": [],
    "aliases": [],
    "minimum-stability": "stable",
    "stability-flags": [],
    "prefer-stable": false,
    "prefer-lowest": false,
    "platform": {
        "php": "~5.5.0|~5.6.0|~7.0.0|~7.1.26"
    },
    "platform-dev": []
}
